
Microsoft Visual Studio Solution File, Format Version 12.00
# Visual Studio Version 17
VisualStudioVersion = 17.4.33205.214
MinimumVisualStudioVersion = 10.0.40219.1
Project("{FAE04EC0-301F-11D3-BF4B-00C04F79EFBC}") = "Webcam", "Webcam\Webcam.csproj", "{CC531F14-00C2-4DE1-BE6F-CA320E7964A6}"
EndProject
Global
	GlobalSection(SolutionConfigurationPlatforms) = preSolution
		Debug|Any CPU = Debug|Any CPU
		Release|Any CPU = Release|Any CPU
	EndGlobalSection
	GlobalSection(ProjectConfigurationPlatforms) = postSolution
		{CC531F14-00C2-4DE1-BE6F-CA320E7964A6}.Debug|Any CPU.ActiveCfg = Debug|Any CPU
		{CC531F14-00C2-4DE1-BE6F-CA320E7964A6}.Debug|Any CPU.Build.0 = Debug|Any CPU
		{CC531F14-00C2-4DE1-BE6F-CA320E7964A6}.Release|Any CPU.ActiveCfg = Release|Any CPU
		{CC531F14-00C2-4DE1-BE6F-CA320E7964A6}.Release|Any CPU.Build.0 = Release|Any CPU
	EndGlobalSection
	GlobalSection(SolutionProperties) = preSolution
		HideSolutionNode = FALSE
	EndGlobalSection
	GlobalSection(ExtensibilityGlobals) = postSolution
		SolutionGuid = {2E8A634F-9304-4593-8D6E-8A86D76AC898}
	EndGlobalSection
EndGlobal
